
Microsoft Visual Studio Solution File, Format Version 12.00
# Visual Studio Version 17
VisualStudioVersion = 17.5.33627.172
MinimumVisualStudioVersion = 10.0.40219.1
Project("{9A19103F-16F7-4668-BE54-9A1E7A4F7556}") = "SuperBilliardServer", "SuperBilliardServer\SuperBilliardServer.csproj", "{98424C53-E382-47CE-AF05-0B5AC859C785}"
EndProject
Project("{FAE04EC0-301F-11D3-BF4B-00C04F79EFBC}") = "ServerCore", "ServerCore\ServerCore.csproj", "{2E796C29-EDD7-49AE-8A80-011A4BF0F100}"
EndProject
Global
	GlobalSection(SolutionConfigurationPlatforms) = preSolution
		Debug|Any CPU = Debug|Any CPU
		Release|Any CPU = Release|Any CPU
	EndGlobalSection
	GlobalSection(ProjectConfigurationPlatforms) = postSolution
		{98424C53-E382-47CE-AF05-0B5AC859C785}.Debug|Any CPU.ActiveCfg = Debug|Any CPU
		{98424C53-E382-47CE-AF05-0B5AC859C785}.Debug|Any CPU.Build.0 = Debug|Any CPU
		{98424C53-E382-47CE-AF05-0B5AC859C785}.Release|Any CPU.ActiveCfg = Release|Any CPU
		{98424C53-E382-47CE-AF05-0B5AC859C785}.Release|Any CPU.Build.0 = Release|Any CPU
		{2E796C29-EDD7-49AE-8A80-011A4BF0F100}.Debug|Any CPU.ActiveCfg = Debug|Any CPU
		{2E796C29-EDD7-49AE-8A80-011A4BF0F100}.Debug|Any CPU.Build.0 = Debug|Any CPU
		{2E796C29-EDD7-49AE-8A80-011A4BF0F100}.Release|Any CPU.ActiveCfg = Release|Any CPU
		{2E796C29-EDD7-49AE-8A80-011A4BF0F100}.Release|Any CPU.Build.0 = Release|Any CPU
	EndGlobalSection
	GlobalSection(SolutionProperties) = preSolution
		HideSolutionNode = FALSE
	EndGlobalSection
	GlobalSection(ExtensibilityGlobals) = postSolution
		SolutionGuid = {03AC8F7A-F462-4F45-BEF7-723B0186359F}
	EndGlobalSection
EndGlobal
